{
  "name": "Presentation-July-26",
  "lockfileVersion": 3,
  "requires": true,
  "packages": {
    "": {
      "dependencies": {
        "littlejsengine": "^1.11.9"
      }
    },
    "node_modules/littlejsengine": {
      "version": "1.11.9",
      "resolved": "https://registry.npmjs.org/littlejsengine/-/littlejsengine-1.11.9.tgz",
      "integrity": "sha512-Sa2B7ULHqKOrXtdt9lQBrhNpHQUfGgayTF3dlHYANB3+3UWTfp/5Bg/CdpDYgGzS2tDOagQXR/meUvrNGwCx8g==",
      "license": "MIT"
    }
  }
}
